
Microsoft Visual Studio Solution File, Format Version 12.00
# Visual Studio Version 17
VisualStudioVersion = 17.9.34616.47
MinimumVisualStudioVersion = 10.0.40219.1
Project("{FAE04EC0-301F-11D3-BF4B-00C04F79EFBC}") = "Practice6a_MVC", "Practice6a_MVC\Practice6a_MVC.csproj", "{E9D23F6F-FC93-4A21-A996-C443D9AD7534}"
EndProject
Project("{FAE04EC0-301F-11D3-BF4B-00C04F79EFBC}") = "WebApplication2", "WebApplication2\WebApplication2.csproj", "{71305D51-35FA-40EF-9F30-834E1A2ABFA3}"
EndProject
Global
	GlobalSection(SolutionConfigurationPlatforms) = preSolution
		Debug|Any CPU = Debug|Any CPU
		Release|Any CPU = Release|Any CPU
	EndGlobalSection
	GlobalSection(ProjectConfigurationPlatforms) = postSolution
		{E9D23F6F-FC93-4A21-A996-C443D9AD7534}.Debug|Any CPU.ActiveCfg = Debug|Any CPU
		{E9D23F6F-FC93-4A21-A996-C443D9AD7534}.Debug|Any CPU.Build.0 = Debug|Any CPU
		{E9D23F6F-FC93-4A21-A996-C443D9AD7534}.Release|Any CPU.ActiveCfg = Release|Any CPU
		{E9D23F6F-FC93-4A21-A996-C443D9AD7534}.Release|Any CPU.Build.0 = Release|Any CPU
		{71305D51-35FA-40EF-9F30-834E1A2ABFA3}.Debug|Any CPU.ActiveCfg = Debug|Any CPU
		{71305D51-35FA-40EF-9F30-834E1A2ABFA3}.Debug|Any CPU.Build.0 = Debug|Any CPU
		{71305D51-35FA-40EF-9F30-834E1A2ABFA3}.Release|Any CPU.ActiveCfg = Release|Any CPU
		{71305D51-35FA-40EF-9F30-834E1A2ABFA3}.Release|Any CPU.Build.0 = Release|Any CPU
	EndGlobalSection
	GlobalSection(SolutionProperties) = preSolution
		HideSolutionNode = FALSE
	EndGlobalSection
	GlobalSection(ExtensibilityGlobals) = postSolution
		SolutionGuid = {F7782C90-4175-441E-B1A7-4BE0DBDD35E2}
	EndGlobalSection
EndGlobal
